// !$*UTF8*$!
{
	archiveVersion = 1;
	classes = {
	};
	objectVersion = 46;
	objects = {

/* Begin PBXBuildFile section */
		6337F9A319A2A7FE007EBC72 /* Foundation.framework in Frameworks */ = {isa = PBXBuildFile; fileRef = 6337F9A219A2A7FE007EBC72 /* Foundation.framework */; };
		6337F9A819A2A7FE007EBC72 /* Croissant.h in CopyFiles */ = {isa = PBXBuildFile; fileRef = 6337F9A719A2A7FE007EBC72 /* Croissant.h */; };
		6337F9AA19A2A7FE007EBC72 /* Croissant.m in Sources */ = {isa = PBXBuildFile; fileRef = 6337F9A919A2A7FE007EBC72 /* Croissant.m */; };
		6337F9B119A2A7FE007EBC72 /* XCTest.framework in Frameworks */ = {isa = PBXBuildFile; fileRef = 6337F9B019A2A7FE007EBC72 /* XCTest.framework */; };
		6337F9B219A2A7FE007EBC72 /* Foundation.framework in Frameworks */ = {isa = PBXBuildFile; fileRef = 6337F9A219A2A7FE007EBC72 /* Foundation.framework */; };
		6337F9B419A2A7FE007EBC72 /* UIKit.framework in Frameworks */ = {isa = PBXBuildFile; fileRef = 6337F9B319A2A7FE007EBC72 /* UIKit.framework */; };
		6337F9B719A2A7FE007EBC72 /* libcroissant.a in Frameworks */ = {isa = PBXBuildFile; fileRef = 6337F99F19A2A7FE007EBC72 /* libcroissant.a */; };
		6337F9BD19A2A7FE007EBC72 /* InfoPlist.strings in Resources */ = {isa = PBXBuildFile; fileRef = 6337F9BB19A2A7FE007EBC72 /* InfoPlist.strings */; };
		6337F9BF19A2A7FE007EBC72 /* croissantTests.m in Sources */ = {isa = PBXBuildFile; fileRef = 6337F9BE19A2A7FE007EBC72 /* croissantTests.m */; };
		6337F9DE19A2A82C007EBC72 /* CroissantQueue.m in Sources */ = {isa = PBXBuildFile; fileRef = 6337F9CB19A2A82C007EBC72 /* CroissantQueue.m */; };
		6337F9DF19A2A82C007EBC72 /* CroissantNSDataDownloader.m in Sources */ = {isa = PBXBuildFile; fileRef = 6337F9CE19A2A82C007EBC72 /* CroissantNSDataDownloader.m */; };
		6337F9E019A2A82C007EBC72 /* CroissantUIImageDownloader.m in Sources */ = {isa = PBXBuildFile; fileRef = 6337F9D119A2A82C007EBC72 /* CroissantUIImageDownloader.m */; };
		6337F9E119A2A82C007EBC72 /* CroissantCache.m in Sources */ = {isa = PBXBuildFile; fileRef = 6337F9D419A2A82C007EBC72 /* CroissantCache.m */; };
		6337F9E219A2A82C007EBC72 /* CroissantItem.m in Sources */ = {isa = PBXBuildFile; fileRef = 6337F9D719A2A82C007EBC72 /* CroissantItem.m */; };
		6337F9E319A2A82C007EBC72 /* CroissantNSDataItem.m in Sources */ = {isa = PBXBuildFile; fileRef = 6337F9DA19A2A82C007EBC72 /* CroissantNSDataItem.m */; };
		6337F9E419A2A82C007EBC72 /* CroissantUIImageItem.m in Sources */ = {isa = PBXBuildFile; fileRef = 6337F9DD19A2A82C007EBC72 /* CroissantUIImageItem.m */; };
/* End PBXBuildFile section */

/* Begin PBXContainerItemProxy section */
		6337F9B519A2A7FE007EBC72 /* PBXContainerItemProxy */ = {
			isa = PBXContainerItemProxy;
			containerPortal = 6337F99719A2A7FE007EBC72 /* Project object */;
			proxyType = 1;
			remoteGlobalIDString = 6337F99E19A2A7FE007EBC72;
			remoteInfo = croissant;
		};
/* End PBXContainerItemProxy section */

/* Begin PBXCopyFilesBuildPhase section */
		6337F99D19A2A7FE007EBC72 /* CopyFiles */ = {
			isa = PBXCopyFilesBuildPhase;
			buildActionMask = 2147483647;
			dstPath = "include/$(PRODUCT_NAME)";
			dstSubfolderSpec = 16;
			files = (
				6337F9A819A2A7FE007EBC72 /* Croissant.h in CopyFiles */,
			);
			runOnlyForDeploymentPostprocessing = 0;
		};
/* End PBXCopyFilesBuildPhase section */

/* Begin PBXFileReference section */
		6337F99F19A2A7FE007EBC72 /* libcroissant.a */ = {isa = PBXFileReference; explicitFileType = archive.ar; includeInIndex = 0; path = libcroissant.a; sourceTree = BUILT_PRODUCTS_DIR; };
		6337F9A219A2A7FE007EBC72 /* Foundation.framework */ = {isa = PBXFileReference; lastKnownFileType = wrapper.framework; name = Foundation.framework; path = System/Library/Frameworks/Foundation.framework; sourceTree = SDKROOT; };
		6337F9A619A2A7FE007EBC72 /* croissant-Prefix.pch */ = {isa = PBXFileReference; lastKnownFileType = sourcecode.c.h; name = "croissant-Prefix.pch"; path = "../croissant-Prefix.pch"; sourceTree = "<group>"; };
		6337F9A719A2A7FE007EBC72 /* Croissant.h */ = {isa = PBXFileReference; lastKnownFileType = sourcecode.c.h; path = Croissant.h; sourceTree = "<group>"; };
		6337F9A919A2A7FE007EBC72 /* Croissant.m */ = {isa = PBXFileReference; lastKnownFileType = sourcecode.c.objc; path = Croissant.m; sourceTree = "<group>"; };
		6337F9AF19A2A7FE007EBC72 /* croissantTests.xctest */ = {isa = PBXFileReference; explicitFileType = wrapper.cfbundle; includeInIndex = 0; path = croissantTests.xctest; sourceTree = BUILT_PRODUCTS_DIR; };
		6337F9B019A2A7FE007EBC72 /* XCTest.framework */ = {isa = PBXFileReference; lastKnownFileType = wrapper.framework; name = XCTest.framework; path = Library/Frameworks/XCTest.framework; sourceTree = DEVELOPER_DIR; };
		6337F9B319A2A7FE007EBC72 /* UIKit.framework */ = {isa = PBXFileReference; lastKnownFileType = wrapper.framework; name = UIKit.framework; path = Library/Frameworks/UIKit.framework; sourceTree = DEVELOPER_DIR; };
		6337F9BA19A2A7FE007EBC72 /* croissantTests-Info.plist */ = {isa = PBXFileReference; lastKnownFileType = text.plist.xml; path = "croissantTests-Info.plist"; sourceTree = "<group>"; };
		6337F9BC19A2A7FE007EBC72 /* en */ = {isa = PBXFileReference; lastKnownFileType = text.plist.strings; name = en; path = en.lproj/InfoPlist.strings; sourceTree = "<group>"; };
		6337F9BE19A2A7FE007EBC72 /* croissantTests.m */ = {isa = PBXFileReference; lastKnownFileType = sourcecode.c.objc; path = croissantTests.m; sourceTree = "<group>"; };
		6337F9C919A2A82C007EBC72 /* CroissantDownloaderProtocol.h */ = {isa = PBXFileReference; fileEncoding = 4; lastKnownFileType = sourcecode.c.h; path = CroissantDownloaderProtocol.h; sourceTree = "<group>"; };
		6337F9CA19A2A82C007EBC72 /* CroissantQueue.h */ = {isa = PBXFileReference; fileEncoding = 4; lastKnownFileType = sourcecode.c.h; path = CroissantQueue.h; sourceTree = "<group>"; };
		6337F9CB19A2A82C007EBC72 /* CroissantQueue.m */ = {isa = PBXFileReference; fileEncoding = 4; lastKnownFileType = sourcecode.c.objc; path = CroissantQueue.m; sourceTree = "<group>"; };
		6337F9CD19A2A82C007EBC72 /* CroissantNSDataDownloader.h */ = {isa = PBXFileReference; fileEncoding = 4; lastKnownFileType = sourcecode.c.h; path = CroissantNSDataDownloader.h; sourceTree = "<group>"; };
		6337F9CE19A2A82C007EBC72 /* CroissantNSDataDownloader.m */ = {isa = PBXFileReference; fileEncoding = 4; lastKnownFileType = sourcecode.c.objc; path = CroissantNSDataDownloader.m; sourceTree = "<group>"; };
		6337F9D019A2A82C007EBC72 /* CroissantUIImageDownloader.h */ = {isa = PBXFileReference; fileEncoding = 4; lastKnownFileType = sourcecode.c.h; path = CroissantUIImageDownloader.h; sourceTree = "<group>"; };
		6337F9D119A2A82C007EBC72 /* CroissantUIImageDownloader.m */ = {isa = PBXFileReference; fileEncoding = 4; lastKnownFileType = sourcecode.c.objc; path = CroissantUIImageDownloader.m; sourceTree = "<group>"; };
		6337F9D319A2A82C007EBC72 /* CroissantCache.h */ = {isa = PBXFileReference; fileEncoding = 4; lastKnownFileType = sourcecode.c.h; path = CroissantCache.h; sourceTree = "<group>"; };
		6337F9D419A2A82C007EBC72 /* CroissantCache.m */ = {isa = PBXFileReference; fileEncoding = 4; lastKnownFileType = sourcecode.c.objc; path = CroissantCache.m; sourceTree = "<group>"; };
		6337F9D619A2A82C007EBC72 /* CroissantItem.h */ = {isa = PBXFileReference; fileEncoding = 4; lastKnownFileType = sourcecode.c.h; path = CroissantItem.h; sourceTree = "<group>"; };
		6337F9D719A2A82C007EBC72 /* CroissantItem.m */ = {isa = PBXFileReference; fileEncoding = 4; lastKnownFileType = sourcecode.c.objc; path = CroissantItem.m; sourceTree = "<group>"; };
		6337F9D919A2A82C007EBC72 /* CroissantNSDataItem.h */ = {isa = PBXFileReference; fileEncoding = 4; lastKnownFileType = sourcecode.c.h; path = CroissantNSDataItem.h; sourceTree = "<group>"; };
		6337F9DA19A2A82C007EBC72 /* CroissantNSDataItem.m */ = {isa = PBXFileReference; fileEncoding = 4; lastKnownFileType = sourcecode.c.objc; path = CroissantNSDataItem.m; sourceTree = "<group>"; };
		6337F9DC19A2A82C007EBC72 /* CroissantUIImageItem.h */ = {isa = PBXFileReference; fileEncoding = 4; lastKnownFileType = sourcecode.c.h; path = CroissantUIImageItem.h; sourceTree = "<group>"; };
		6337F9DD19A2A82C007EBC72 /* CroissantUIImageItem.m */ = {isa = PBXFileReference; fileEncoding = 4; lastKnownFileType = sourcecode.c.objc; path = CroissantUIImageItem.m; sourceTree = "<group>"; };
/* End PBXFileReference section */

/* Begin PBXFrameworksBuildPhase section */
		6337F99C19A2A7FE007EBC72 /* Frameworks */ = {
			isa = PBXFrameworksBuildPhase;
			buildActionMask = 2147483647;
			files = (
				6337F9A319A2A7FE007EBC72 /* Foundation.framework in Frameworks */,
			);
			runOnlyForDeploymentPostprocessing = 0;
		};
		6337F9AC19A2A7FE007EBC72 /* Frameworks */ = {
			isa = PBXFrameworksBuildPhase;
			buildActionMask = 2147483647;
			files = (
				6337F9B119A2A7FE007EBC72 /* XCTest.framework in Frameworks */,
				6337F9B419A2A7FE007EBC72 /* UIKit.framework in Frameworks */,
				6337F9B719A2A7FE007EBC72 /* libcroissant.a in Frameworks */,
				6337F9B219A2A7FE007EBC72 /* Foundation.framework in Frameworks */,
			);
			runOnlyForDeploymentPostprocessing = 0;
		};
/* End PBXFrameworksBuildPhase section */

/* Begin PBXGroup section */
		6337F99619A2A7FE007EBC72 = {
			isa = PBXGroup;
			children = (
				6337F9A419A2A7FE007EBC72 /* croissant */,
				6337F9B819A2A7FE007EBC72 /* croissantTests */,
				6337F9A119A2A7FE007EBC72 /* Frameworks */,
				6337F9A019A2A7FE007EBC72 /* Products */,
			);
			sourceTree = "<group>";
		};
		6337F9A019A2A7FE007EBC72 /* Products */ = {
			isa = PBXGroup;
			children = (
				6337F99F19A2A7FE007EBC72 /* libcroissant.a */,
				6337F9AF19A2A7FE007EBC72 /* croissantTests.xctest */,
			);
			name = Products;
			sourceTree = "<group>";
		};
		6337F9A119A2A7FE007EBC72 /* Frameworks */ = {
			isa = PBXGroup;
			children = (
				6337F9A219A2A7FE007EBC72 /* Foundation.framework */,
				6337F9B019A2A7FE007EBC72 /* XCTest.framework */,
				6337F9B319A2A7FE007EBC72 /* UIKit.framework */,
			);
			name = Frameworks;
			sourceTree = "<group>";
		};
		6337F9A419A2A7FE007EBC72 /* croissant */ = {
			isa = PBXGroup;
			children = (
				6337F9C819A2A82C007EBC72 /* Downloaders */,
				6337F9D219A2A82C007EBC72 /* Helpers */,
				6337F9D519A2A82C007EBC72 /* Items */,
				6337F9A719A2A7FE007EBC72 /* Croissant.h */,
				6337F9A919A2A7FE007EBC72 /* Croissant.m */,
				6337F9A519A2A7FE007EBC72 /* Supporting Files */,
			);
			path = croissant;
			sourceTree = "<group>";
		};
		6337F9A519A2A7FE007EBC72 /* Supporting Files */ = {
			isa = PBXGroup;
			children = (
				6337F9A619A2A7FE007EBC72 /* croissant-Prefix.pch */,
			);
			name = "Supporting Files";
			sourceTree = "<group>";
		};
		6337F9B819A2A7FE007EBC72 /* croissantTests */ = {
			isa = PBXGroup;
			children = (
				6337F9BE19A2A7FE007EBC72 /* croissantTests.m */,
				6337F9B919A2A7FE007EBC72 /* Supporting Files */,
			);
			path = croissantTests;
			sourceTree = "<group>";
		};
		6337F9B919A2A7FE007EBC72 /* Supporting Files */ = {
			isa = PBXGroup;
			children = (
				6337F9BA19A2A7FE007EBC72 /* croissantTests-Info.plist */,
				6337F9BB19A2A7FE007EBC72 /* InfoPlist.strings */,
			);
			name = "Supporting Files";
			sourceTree = "<group>";
		};
		6337F9C819A2A82C007EBC72 /* Downloaders */ = {
			isa = PBXGroup;
			children = (
				6337F9C919A2A82C007EBC72 /* CroissantDownloaderProtocol.h */,
				6337F9CA19A2A82C007EBC72 /* CroissantQueue.h */,
				6337F9CB19A2A82C007EBC72 /* CroissantQueue.m */,
				6337F9CC19A2A82C007EBC72 /* NSData */,
				6337F9CF19A2A82C007EBC72 /* UIImage */,
			);
			path = Downloaders;
			sourceTree = "<group>";
		};
		6337F9CC19A2A82C007EBC72 /* NSData */ = {
			isa = PBXGroup;
			children = (
				6337F9CD19A2A82C007EBC72 /* CroissantNSDataDownloader.h */,
				6337F9CE19A2A82C007EBC72 /* CroissantNSDataDownloader.m */,
			);
			path = NSData;
			sourceTree = "<group>";
		};
		6337F9CF19A2A82C007EBC72 /* UIImage */ = {
			isa = PBXGroup;
			children = (
				6337F9D019A2A82C007EBC72 /* CroissantUIImageDownloader.h */,
				6337F9D119A2A82C007EBC72 /* CroissantUIImageDownloader.m */,
			);
			path = UIImage;
			sourceTree = "<group>";
		};
		6337F9D219A2A82C007EBC72 /* Helpers */ = {
			isa = PBXGroup;
			children = (
				6337F9D319A2A82C007EBC72 /* CroissantCache.h */,
				6337F9D419A2A82C007EBC72 /* CroissantCache.m */,
			);
			path = Helpers;
			sourceTree = "<group>";
		};
		6337F9D519A2A82C007EBC72 /* Items */ = {
			isa = PBXGroup;
			children = (
				6337F9D619A2A82C007EBC72 /* CroissantItem.h */,
				6337F9D719A2A82C007EBC72 /* CroissantItem.m */,
				6337F9D819A2A82C007EBC72 /* NSData */,
				6337F9DB19A2A82C007EBC72 /* UIImage */,
			);
			path = Items;
			sourceTree = "<group>";
		};
		6337F9D819A2A82C007EBC72 /* NSData */ = {
			isa = PBXGroup;
			children = (
				6337F9D919A2A82C007EBC72 /* CroissantNSDataItem.h */,
				6337F9DA19A2A82C007EBC72 /* CroissantNSDataItem.m */,
			);
			path = NSData;
			sourceTree = "<group>";
		};
		6337F9DB19A2A82C007EBC72 /* UIImage */ = {
			isa = PBXGroup;
			children = (
				6337F9DC19A2A82C007EBC72 /* CroissantUIImageItem.h */,
				6337F9DD19A2A82C007EBC72 /* CroissantUIImageItem.m */,
			);
			path = UIImage;
			sourceTree = "<group>";
		};
/* End PBXGroup section */

/* Begin PBXNativeTarget section */
		6337F99E19A2A7FE007EBC72 /* croissant */ = {
			isa = PBXNativeTarget;
			buildConfigurationList = 6337F9C219A2A7FE007EBC72 /* Build configuration list for PBXNativeTarget "croissant" */;
			buildPhases = (
				6337F99B19A2A7FE007EBC72 /* Sources */,
				6337F99C19A2A7FE007EBC72 /* Frameworks */,
				6337F99D19A2A7FE007EBC72 /* CopyFiles */,
			);
			buildRules = (
			);
			dependencies = (
			);
			name = croissant;
			productName = croissant;
			productReference = 6337F99F19A2A7FE007EBC72 /* libcroissant.a */;
			productType = "com.apple.product-type.library.static";
		};
		6337F9AE19A2A7FE007EBC72 /* croissantTests */ = {
			isa = PBXNativeTarget;
			buildConfigurationList = 6337F9C519A2A7FE007EBC72 /* Build configuration list for PBXNativeTarget "croissantTests" */;
			buildPhases = (
				6337F9AB19A2A7FE007EBC72 /* Sources */,
				6337F9AC19A2A7FE007EBC72 /* Frameworks */,
				6337F9AD19A2A7FE007EBC72 /* Resources */,
			);
			buildRules = (
			);
			dependencies = (
				6337F9B619A2A7FE007EBC72 /* PBXTargetDependency */,
			);
			name = croissantTests;
			productName = croissantTests;
			productReference = 6337F9AF19A2A7FE007EBC72 /* croissantTests.xctest */;
			productType = "com.apple.product-type.bundle.unit-test";
		};
/* End PBXNativeTarget section */

/* Begin PBXProject section */
		6337F99719A2A7FE007EBC72 /* Project object */ = {
			isa = PBXProject;
			attributes = {
				LastUpgradeCheck = 0510;
				ORGANIZATIONNAME = applift;
			};
			buildConfigurationList = 6337F99A19A2A7FE007EBC72 /* Build configuration list for PBXProject "croissant" */;
			compatibilityVersion = "Xcode 3.2";
			developmentRegion = English;
			hasScannedForEncodings = 0;
			knownRegions = (
				en,
			);
			mainGroup = 6337F99619A2A7FE007EBC72;
			productRefGroup = 6337F9A019A2A7FE007EBC72 /* Products */;
			projectDirPath = "";
			projectRoot = "";
			targets = (
				6337F99E19A2A7FE007EBC72 /* croissant */,
				6337F9AE19A2A7FE007EBC72 /* croissantTests */,
			);
		};
/* End PBXProject section */

/* Begin PBXResourcesBuildPhase section */
		6337F9AD19A2A7FE007EBC72 /* Resources */ = {
			isa = PBXResourcesBuildPhase;
			buildActionMask = 2147483647;
			files = (
				6337F9BD19A2A7FE007EBC72 /* InfoPlist.strings in Resources */,
			);
			runOnlyForDeploymentPostprocessing = 0;
		};
/* End PBXResourcesBuildPhase section */

/* Begin PBXSourcesBuildPhase section */
		6337F99B19A2A7FE007EBC72 /* Sources */ = {
			isa = PBXSourcesBuildPhase;
			buildActionMask = 2147483647;
			files = (
				6337F9DE19A2A82C007EBC72 /* CroissantQueue.m in Sources */,
				6337F9E219A2A82C007EBC72 /* CroissantItem.m in Sources */,
				6337F9E319A2A82C007EBC72 /* CroissantNSDataItem.m in Sources */,
				6337F9E019A2A82C007EBC72 /* CroissantUIImageDownloader.m in Sources */,
				6337F9DF19A2A82C007EBC72 /* CroissantNSDataDownloader.m in Sources */,
				6337F9AA19A2A7FE007EBC72 /* Croissant.m in Sources */,
				6337F9E119A2A82C007EBC72 /* CroissantCache.m in Sources */,
				6337F9E419A2A82C007EBC72 /* CroissantUIImageItem.m in Sources */,
			);
			runOnlyForDeploymentPostprocessing = 0;
		};
		6337F9AB19A2A7FE007EBC72 /* Sources */ = {
			isa = PBXSourcesBuildPhase;
			buildActionMask = 2147483647;
			files = (
				6337F9BF19A2A7FE007EBC72 /* croissantTests.m in Sources */,
			);
			runOnlyForDeploymentPostprocessing = 0;
		};
/* End PBXSourcesBuildPhase section */

/* Begin PBXTargetDependency section */
		6337F9B619A2A7FE007EBC72 /* PBXTargetDependency */ = {
			isa = PBXTargetDependency;
			target = 6337F99E19A2A7FE007EBC72 /* croissant */;
			targetProxy = 6337F9B519A2A7FE007EBC72 /* PBXContainerItemProxy */;
		};
/* End PBXTargetDependency section */

/* Begin PBXVariantGroup section */
		6337F9BB19A2A7FE007EBC72 /* InfoPlist.strings */ = {
			isa = PBXVariantGroup;
			children = (
				6337F9BC19A2A7FE007EBC72 /* en */,
			);
			name = InfoPlist.strings;
			sourceTree = "<group>";
		};
/* End PBXVariantGroup section */

/* Begin XCBuildConfiguration section */
		6337F9C019A2A7FE007EBC72 /* Debug */ = {
			isa = XCBuildConfiguration;
			buildSettings = {
				ALWAYS_SEARCH_USER_PATHS = NO;
				CLANG_CXX_LANGUAGE_STANDARD = "gnu++0x";
				CLANG_CXX_LIBRARY = "libc++";
				CLANG_ENABLE_MODULES = YES;
				CLANG_ENABLE_OBJC_ARC = YES;
				CLANG_WARN_BOOL_CONVERSION = YES;
				CLANG_WARN_CONSTANT_CONVERSION = YES;
				CLANG_WARN_DIRECT_OBJC_ISA_USAGE = YES_ERROR;
				CLANG_WARN_EMPTY_BODY = YES;
				CLANG_WARN_ENUM_CONVERSION = YES;
				CLANG_WARN_INT_CONVERSION = YES;
				CLANG_WARN_OBJC_ROOT_CLASS = YES_ERROR;
				CLANG_WARN__DUPLICATE_METHOD_MATCH = YES;
				COPY_PHASE_STRIP = NO;
				GCC_C_LANGUAGE_STANDARD = gnu99;
				GCC_DYNAMIC_NO_PIC = NO;
				GCC_OPTIMIZATION_LEVEL = 0;
				GCC_PREPROCESSOR_DEFINITIONS = (
					"DEBUG=1",
					"$(inherited)",
				);
				GCC_SYMBOLS_PRIVATE_EXTERN = NO;
				GCC_WARN_64_TO_32_BIT_CONVERSION = YES;
				GCC_WARN_ABOUT_RETURN_TYPE = YES_ERROR;
				GCC_WARN_UNDECLARED_SELECTOR = YES;
				GCC_WARN_UNINITIALIZED_AUTOS = YES_AGGRESSIVE;
				GCC_WARN_UNUSED_FUNCTION = YES;
				GCC_WARN_UNUSED_VARIABLE = YES;
				IPHONEOS_DEPLOYMENT_TARGET = 7.1;
				ONLY_ACTIVE_ARCH = YES;
				SDKROOT = iphoneos;
			};
			name = Debug;
		};
		6337F9C119A2A7FE007EBC72 /* Release */ = {
			isa = XCBuildConfiguration;
			buildSettings = {
				ALWAYS_SEARCH_USER_PATHS = NO;
				CLANG_CXX_LANGUAGE_STANDARD = "gnu++0x";
				CLANG_CXX_LIBRARY = "libc++";
				CLANG_ENABLE_MODULES = YES;
				CLANG_ENABLE_OBJC_ARC = YES;
				CLANG_WARN_BOOL_CONVERSION = YES;
				CLANG_WARN_CONSTANT_CONVERSION = YES;
				CLANG_WARN_DIRECT_OBJC_ISA_USAGE = YES_ERROR;
				CLANG_WARN_EMPTY_BODY = YES;
				CLANG_WARN_ENUM_CONVERSION = YES;
				CLANG_WARN_INT_CONVERSION = YES;
				CLANG_WARN_OBJC_ROOT_CLASS = YES_ERROR;
				CLANG_WARN__DUPLICATE_METHOD_MATCH = YES;
				COPY_PHASE_STRIP = YES;
				ENABLE_NS_ASSERTIONS = NO;
				GCC_C_LANGUAGE_STANDARD = gnu99;
				GCC_WARN_64_TO_32_BIT_CONVERSION = YES;
				GCC_WARN_ABOUT_RETURN_TYPE = YES_ERROR;
				GCC_WARN_UNDECLARED_SELECTOR = YES;
				GCC_WARN_UNINITIALIZED_AUTOS = YES_AGGRESSIVE;
				GCC_WARN_UNUSED_FUNCTION = YES;
				GCC_WARN_UNUSED_VARIABLE = YES;
				IPHONEOS_DEPLOYMENT_TARGET = 7.1;
				SDKROOT = iphoneos;
				VALIDATE_PRODUCT = YES;
			};
			name = Release;
		};
		6337F9C319A2A7FE007EBC72 /* Debug */ = {
			isa = XCBuildConfiguration;
			buildSettings = {
				DSTROOT = /tmp/croissant.dst;
				GCC_PRECOMPILE_PREFIX_HEADER = YES;
				GCC_PREFIX_HEADER = "croissant-Prefix.pch";
				OTHER_LDFLAGS = "-ObjC";
				PRODUCT_NAME = "$(TARGET_NAME)";
				SKIP_INSTALL = YES;
			};
			name = Debug;
		};
		6337F9C419A2A7FE007EBC72 /* Release */ = {
			isa = XCBuildConfiguration;
			buildSettings = {
				DSTROOT = /tmp/croissant.dst;
				GCC_PRECOMPILE_PREFIX_HEADER = YES;
				GCC_PREFIX_HEADER = "croissant-Prefix.pch";
				OTHER_LDFLAGS = "-ObjC";
				PRODUCT_NAME = "$(TARGET_NAME)";
				SKIP_INSTALL = YES;
			};
			name = Release;
		};
		6337F9C619A2A7FE007EBC72 /* Debug */ = {
			isa = XCBuildConfiguration;
			buildSettings = {
				FRAMEWORK_SEARCH_PATHS = (
					"$(SDKROOT)/Developer/Library/Frameworks",
					"$(inherited)",
					"$(DEVELOPER_FRAMEWORKS_DIR)",
				);
				GCC_PRECOMPILE_PREFIX_HEADER = YES;
				GCC_PREFIX_HEADER = "croissant/croissant-Prefix.pch";
				GCC_PREPROCESSOR_DEFINITIONS = (
					"DEBUG=1",
					"$(inherited)",
				);
				INFOPLIST_FILE = "croissantTests/croissantTests-Info.plist";
				PRODUCT_NAME = "$(TARGET_NAME)";
				WRAPPER_EXTENSION = xctest;
			};
			name = Debug;
		};
		6337F9C719A2A7FE007EBC72 /* Release */ = {
			isa = XCBuildConfiguration;
			buildSettings = {
				FRAMEWORK_SEARCH_PATHS = (
					"$(SDKROOT)/Developer/Library/Frameworks",
					"$(inherited)",
					"$(DEVELOPER_FRAMEWORKS_DIR)",
				);
				GCC_PRECOMPILE_PREFIX_HEADER = YES;
				GCC_PREFIX_HEADER = "croissant/croissant-Prefix.pch";
				INFOPLIST_FILE = "croissantTests/croissantTests-Info.plist";
				PRODUCT_NAME = "$(TARGET_NAME)";
				WRAPPER_EXTENSION = xctest;
			};
			name = Release;
		};
/* End XCBuildConfiguration section */

/* Begin XCConfigurationList section */
		6337F99A19A2A7FE007EBC72 /* Build configuration list for PBXProject "croissant" */ = {
			isa = XCConfigurationList;
			buildConfigurations = (
				6337F9C019A2A7FE007EBC72 /* Debug */,
				6337F9C119A2A7FE007EBC72 /* Release */,
			);
			defaultConfigurationIsVisible = 0;
			defaultConfigurationName = Release;
		};
		6337F9C219A2A7FE007EBC72 /* Build configuration list for PBXNativeTarget "croissant" */ = {
			isa = XCConfigurationList;
			buildConfigurations = (
				6337F9C319A2A7FE007EBC72 /* Debug */,
				6337F9C419A2A7FE007EBC72 /* Release */,
			);
			defaultConfigurationIsVisible = 0;
			defaultConfigurationName = Release;
		};
		6337F9C519A2A7FE007EBC72 /* Build configuration list for PBXNativeTarget "croissantTests" */ = {
			isa = XCConfigurationList;
			buildConfigurations = (
				6337F9C619A2A7FE007EBC72 /* Debug */,
				6337F9C719A2A7FE007EBC72 /* Release */,
			);
			defaultConfigurationIsVisible = 0;
			defaultConfigurationName = Release;
		};
/* End XCConfigurationList section */
	};
	rootObject = 6337F99719A2A7FE007EBC72 /* Project object */;
}
